
Microsoft Visual Studio Solution File, Format Version 12.00
# Visual Studio Version 16
VisualStudioVersion = 16.0.30204.135
MinimumVisualStudioVersion = 15.0.26124.0
Project("{9A19103F-16F7-4668-BE54-9A1E7A4F7556}") = "Tgp.FluentResult.Core", "Tgp.FluentResult.Core\Tgp.FluentResult.Core.csproj", "{7070640F-5311-4419-BBF4-290034946144}"
EndProject
Project("{9A19103F-16F7-4668-BE54-9A1E7A4F7556}") = "Tgp.FluentResult", "Tgp.FluentResult\Tgp.FluentResult.csproj", "{01414417-B9A1-4E17-8FCB-0976E6B82CA6}"
EndProject
Project("{9A19103F-16F7-4668-BE54-9A1E7A4F7556}") = "Tgp.FluentResult.Tests", "Tgp.FluentResult.Tests\Tgp.FluentResult.Tests.csproj", "{02B81306-6FA2-4C00-8107-E0384357B027}"
EndProject
Project("{FAE04EC0-301F-11D3-BF4B-00C04F79EFBC}") = "Tgp.FluentResult.Tests.Ideas", "Tgp.FluentResult.Tests.Ideas\Tgp.FluentResult.Tests.Ideas.csproj", "{5A6CD3A7-DC7B-475C-859A-DED421BBA145}"
EndProject
Global
	GlobalSection(SolutionConfigurationPlatforms) = preSolution
		Debug|Any CPU = Debug|Any CPU
		Debug|x64 = Debug|x64
		Debug|x86 = Debug|x86
		Release|Any CPU = Release|Any CPU
		Release|x64 = Release|x64
		Release|x86 = Release|x86
	EndGlobalSection
	GlobalSection(ProjectConfigurationPlatforms) = postSolution
		{7070640F-5311-4419-BBF4-290034946144}.Debug|Any CPU.ActiveCfg = Debug|Any CPU
		{7070640F-5311-4419-BBF4-290034946144}.Debug|Any CPU.Build.0 = Debug|Any CPU
		{7070640F-5311-4419-BBF4-290034946144}.Debug|x64.ActiveCfg = Debug|Any CPU
		{7070640F-5311-4419-BBF4-290034946144}.Debug|x64.Build.0 = Debug|Any CPU
		{7070640F-5311-4419-BBF4-290034946144}.Debug|x86.ActiveCfg = Debug|Any CPU
		{7070640F-5311-4419-BBF4-290034946144}.Debug|x86.Build.0 = Debug|Any CPU
		{7070640F-5311-4419-BBF4-290034946144}.Release|Any CPU.ActiveCfg = Release|Any CPU
		{7070640F-5311-4419-BBF4-290034946144}.Release|Any CPU.Build.0 = Release|Any CPU
		{7070640F-5311-4419-BBF4-290034946144}.Release|x64.ActiveCfg = Release|Any CPU
		{7070640F-5311-4419-BBF4-290034946144}.Release|x64.Build.0 = Release|Any CPU
		{7070640F-5311-4419-BBF4-290034946144}.Release|x86.ActiveCfg = Release|Any CPU
		{7070640F-5311-4419-BBF4-290034946144}.Release|x86.Build.0 = Release|Any CPU
		{01414417-B9A1-4E17-8FCB-0976E6B82CA6}.Debug|Any CPU.ActiveCfg = Debug|Any CPU
		{01414417-B9A1-4E17-8FCB-0976E6B82CA6}.Debug|Any CPU.Build.0 = Debug|Any CPU
		{01414417-B9A1-4E17-8FCB-0976E6B82CA6}.Debug|x64.ActiveCfg = Debug|Any CPU
		{01414417-B9A1-4E17-8FCB-0976E6B82CA6}.Debug|x64.Build.0 = Debug|Any CPU
		{01414417-B9A1-4E17-8FCB-0976E6B82CA6}.Debug|x86.ActiveCfg = Debug|Any CPU
		{01414417-B9A1-4E17-8FCB-0976E6B82CA6}.Debug|x86.Build.0 = Debug|Any CPU
		{01414417-B9A1-4E17-8FCB-0976E6B82CA6}.Release|Any CPU.ActiveCfg = Release|Any CPU
		{01414417-B9A1-4E17-8FCB-0976E6B82CA6}.Release|Any CPU.Build.0 = Release|Any CPU
		{01414417-B9A1-4E17-8FCB-0976E6B82CA6}.Release|x64.ActiveCfg = Release|Any CPU
		{01414417-B9A1-4E17-8FCB-0976E6B82CA6}.Release|x64.Build.0 = Release|Any CPU
		{01414417-B9A1-4E17-8FCB-0976E6B82CA6}.Release|x86.ActiveCfg = Release|Any CPU
		{01414417-B9A1-4E17-8FCB-0976E6B82CA6}.Release|x86.Build.0 = Release|Any CPU
		{02B81306-6FA2-4C00-8107-E0384357B027}.Debug|Any CPU.ActiveCfg = Debug|Any CPU
		{02B81306-6FA2-4C00-8107-E0384357B027}.Debug|Any CPU.Build.0 = Debug|Any CPU
		{02B81306-6FA2-4C00-8107-E0384357B027}.Debug|x64.ActiveCfg = Debug|Any CPU
		{02B81306-6FA2-4C00-8107-E0384357B027}.Debug|x64.Build.0 = Debug|Any CPU
		{02B81306-6FA2-4C00-8107-E0384357B027}.Debug|x86.ActiveCfg = Debug|Any CPU
		{02B81306-6FA2-4C00-8107-E0384357B027}.Debug|x86.Build.0 = Debug|Any CPU
		{02B81306-6FA2-4C00-8107-E0384357B027}.Release|Any CPU.ActiveCfg = Release|Any CPU
		{02B81306-6FA2-4C00-8107-E0384357B027}.Release|Any CPU.Build.0 = Release|Any CPU
		{02B81306-6FA2-4C00-8107-E0384357B027}.Release|x64.ActiveCfg = Release|Any CPU
		{02B81306-6FA2-4C00-8107-E0384357B027}.Release|x64.Build.0 = Release|Any CPU
		{02B81306-6FA2-4C00-8107-E0384357B027}.Release|x86.ActiveCfg = Release|Any CPU
		{02B81306-6FA2-4C00-8107-E0384357B027}.Release|x86.Build.0 = Release|Any CPU
		{5A6CD3A7-DC7B-475C-859A-DED421BBA145}.Debug|Any CPU.ActiveCfg = Debug|Any CPU
		{5A6CD3A7-DC7B-475C-859A-DED421BBA145}.Debug|Any CPU.Build.0 = Debug|Any CPU
		{5A6CD3A7-DC7B-475C-859A-DED421BBA145}.Debug|x64.ActiveCfg = Debug|Any CPU
		{5A6CD3A7-DC7B-475C-859A-DED421BBA145}.Debug|x64.Build.0 = Debug|Any CPU
		{5A6CD3A7-DC7B-475C-859A-DED421BBA145}.Debug|x86.ActiveCfg = Debug|Any CPU
		{5A6CD3A7-DC7B-475C-859A-DED421BBA145}.Debug|x86.Build.0 = Debug|Any CPU
		{5A6CD3A7-DC7B-475C-859A-DED421BBA145}.Release|Any CPU.ActiveCfg = Release|Any CPU
		{5A6CD3A7-DC7B-475C-859A-DED421BBA145}.Release|Any CPU.Build.0 = Release|Any CPU
		{5A6CD3A7-DC7B-475C-859A-DED421BBA145}.Release|x64.ActiveCfg = Release|Any CPU
		{5A6CD3A7-DC7B-475C-859A-DED421BBA145}.Release|x64.Build.0 = Release|Any CPU
		{5A6CD3A7-DC7B-475C-859A-DED421BBA145}.Release|x86.ActiveCfg = Release|Any CPU
		{5A6CD3A7-DC7B-475C-859A-DED421BBA145}.Release|x86.Build.0 = Release|Any CPU
	EndGlobalSection
	GlobalSection(SolutionProperties) = preSolution
		HideSolutionNode = FALSE
	EndGlobalSection
	GlobalSection(ExtensibilityGlobals) = postSolution
		SolutionGuid = {EFD1FD90-B1F3-476B-9D6B-A6CC7757EB24}
	EndGlobalSection
EndGlobal
